
Microsoft Visual Studio Solution File, Format Version 12.00
# Visual Studio Version 17
VisualStudioVersion = 17.12.35707.178
MinimumVisualStudioVersion = 10.0.40219.1
Project("{FAE04EC0-301F-11D3-BF4B-00C04F79EFBC}") = "MSSnackGol", "MSSnackGol.csproj", "{E68DD01E-68F1-4495-9781-7F0704AC4B5A}"
EndProject
Project("{FAE04EC0-301F-11D3-BF4B-00C04F79EFBC}") = "LibraryConnection", "..\LibraryConnection\LibraryConnection.csproj", "{B39B506B-5B94-4E6C-95A4-89BC3FB17D5D}"
EndProject
Project("{FAE04EC0-301F-11D3-BF4B-00C04F79EFBC}") = "LibraryEncrypt", "..\LibraryEncrypt\LibraryEncrypt.csproj", "{8C4763EA-03B8-491D-A94B-86329945C964}"
EndProject
Project("{FAE04EC0-301F-11D3-BF4B-00C04F79EFBC}") = "LibraryAuthentication", "..\LibraryAuthentication\LibraryAuthentication.csproj", "{77657E47-7FF8-E42D-09CE-D59337B6EEFA}"
EndProject
Project("{FAE04EC0-301F-11D3-BF4B-00C04F79EFBC}") = "LibraryEntities", "..\LibraryEntities\LibraryEntities.csproj", "{938EC07A-5219-4ED9-B090-0F35B78ABEBF}"
EndProject
Project("{FAE04EC0-301F-11D3-BF4B-00C04F79EFBC}") = "MSSnackGolFrontend", "..\MSSnackGolFrontend\MSSnackGolFrontend.csproj", "{A77547FC-2973-46EC-8BEE-3F516C8E72B3}"
EndProject
Global
	GlobalSection(SolutionConfigurationPlatforms) = preSolution
		Debug|Any CPU = Debug|Any CPU
		Release|Any CPU = Release|Any CPU
	EndGlobalSection
	GlobalSection(ProjectConfigurationPlatforms) = postSolution
		{E68DD01E-68F1-4495-9781-7F0704AC4B5A}.Debug|Any CPU.ActiveCfg = Debug|Any CPU
		{E68DD01E-68F1-4495-9781-7F0704AC4B5A}.Debug|Any CPU.Build.0 = Debug|Any CPU
		{E68DD01E-68F1-4495-9781-7F0704AC4B5A}.Release|Any CPU.ActiveCfg = Release|Any CPU
		{E68DD01E-68F1-4495-9781-7F0704AC4B5A}.Release|Any CPU.Build.0 = Release|Any CPU
		{B39B506B-5B94-4E6C-95A4-89BC3FB17D5D}.Debug|Any CPU.ActiveCfg = Debug|Any CPU
		{B39B506B-5B94-4E6C-95A4-89BC3FB17D5D}.Debug|Any CPU.Build.0 = Debug|Any CPU
		{B39B506B-5B94-4E6C-95A4-89BC3FB17D5D}.Release|Any CPU.ActiveCfg = Release|Any CPU
		{B39B506B-5B94-4E6C-95A4-89BC3FB17D5D}.Release|Any CPU.Build.0 = Release|Any CPU
		{8C4763EA-03B8-491D-A94B-86329945C964}.Debug|Any CPU.ActiveCfg = Debug|Any CPU
		{8C4763EA-03B8-491D-A94B-86329945C964}.Debug|Any CPU.Build.0 = Debug|Any CPU
		{8C4763EA-03B8-491D-A94B-86329945C964}.Release|Any CPU.ActiveCfg = Release|Any CPU
		{8C4763EA-03B8-491D-A94B-86329945C964}.Release|Any CPU.Build.0 = Release|Any CPU
		{77657E47-7FF8-E42D-09CE-D59337B6EEFA}.Debug|Any CPU.ActiveCfg = Debug|Any CPU
		{77657E47-7FF8-E42D-09CE-D59337B6EEFA}.Debug|Any CPU.Build.0 = Debug|Any CPU
		{77657E47-7FF8-E42D-09CE-D59337B6EEFA}.Release|Any CPU.ActiveCfg = Release|Any CPU
		{77657E47-7FF8-E42D-09CE-D59337B6EEFA}.Release|Any CPU.Build.0 = Release|Any CPU
		{938EC07A-5219-4ED9-B090-0F35B78ABEBF}.Debug|Any CPU.ActiveCfg = Debug|Any CPU
		{938EC07A-5219-4ED9-B090-0F35B78ABEBF}.Debug|Any CPU.Build.0 = Debug|Any CPU
		{938EC07A-5219-4ED9-B090-0F35B78ABEBF}.Release|Any CPU.ActiveCfg = Release|Any CPU
		{938EC07A-5219-4ED9-B090-0F35B78ABEBF}.Release|Any CPU.Build.0 = Release|Any CPU
		{A77547FC-2973-46EC-8BEE-3F516C8E72B3}.Debug|Any CPU.ActiveCfg = Debug|Any CPU
		{A77547FC-2973-46EC-8BEE-3F516C8E72B3}.Debug|Any CPU.Build.0 = Debug|Any CPU
		{A77547FC-2973-46EC-8BEE-3F516C8E72B3}.Release|Any CPU.ActiveCfg = Release|Any CPU
		{A77547FC-2973-46EC-8BEE-3F516C8E72B3}.Release|Any CPU.Build.0 = Release|Any CPU
	EndGlobalSection
	GlobalSection(SolutionProperties) = preSolution
		HideSolutionNode = FALSE
	EndGlobalSection
	GlobalSection(ExtensibilityGlobals) = postSolution
		SolutionGuid = {E884DCB4-62B2-411C-B69A-446A12EA09A3}
	EndGlobalSection
EndGlobal
